
Microsoft Visual Studio Solution File, Format Version 12.00
# Visual Studio Version 16
VisualStudioVersion = 16.0.29411.108
MinimumVisualStudioVersion = 15.0.26124.0
Project("{9A19103F-16F7-4668-BE54-9A1E7A4F7556}") = "WebMVC", "WebMVC\WebMVC.csproj", "{8E194502-28F8-40AE-8361-2CCCA19772C8}"
EndProject
Project("{9A19103F-16F7-4668-BE54-9A1E7A4F7556}") = "WebApp", "WebApp\WebApp.csproj", "{DFFBADE3-EFD4-4663-9823-B2FDA60D31A5}"
EndProject
Project("{9A19103F-16F7-4668-BE54-9A1E7A4F7556}") = "WinApp", "WinApp\WinApp.csproj", "{AB004792-56C6-4CC9-B5C7-5B99E67A5691}"
EndProject
Project("{9A19103F-16F7-4668-BE54-9A1E7A4F7556}") = "DataAccessLayer", "DataAccessLayer\DataAccessLayer.csproj", "{7D7750EB-A0B0-4A48-8904-5607A1CC5B10}"
EndProject
Project("{9A19103F-16F7-4668-BE54-9A1E7A4F7556}") = "WpfApp", "WpfApp\WpfApp.csproj", "{795E79FE-0F30-4263-BBB8-FF259CF2CA68}"
EndProject
Project("{9A19103F-16F7-4668-BE54-9A1E7A4F7556}") = "SecurityHelper", "SecurityHelper\SecurityHelper.csproj", "{B085DFA9-8C5F-4D04-83B3-4C0249E322B3}"
EndProject
Project("{FAE04EC0-301F-11D3-BF4B-00C04F79EFBC}") = "WebAPI", "WebAPI\WebAPI.csproj", "{B9F52E00-9721-48C6-A975-E53CEEC08FB4}"
EndProject
Global
	GlobalSection(SolutionConfigurationPlatforms) = preSolution
		Debug|Any CPU = Debug|Any CPU
		Release|Any CPU = Release|Any CPU
	EndGlobalSection
	GlobalSection(ProjectConfigurationPlatforms) = postSolution
		{8E194502-28F8-40AE-8361-2CCCA19772C8}.Debug|Any CPU.ActiveCfg = Debug|Any CPU
		{8E194502-28F8-40AE-8361-2CCCA19772C8}.Debug|Any CPU.Build.0 = Debug|Any CPU
		{8E194502-28F8-40AE-8361-2CCCA19772C8}.Release|Any CPU.ActiveCfg = Release|Any CPU
		{8E194502-28F8-40AE-8361-2CCCA19772C8}.Release|Any CPU.Build.0 = Release|Any CPU
		{DFFBADE3-EFD4-4663-9823-B2FDA60D31A5}.Debug|Any CPU.ActiveCfg = Debug|Any CPU
		{DFFBADE3-EFD4-4663-9823-B2FDA60D31A5}.Debug|Any CPU.Build.0 = Debug|Any CPU
		{DFFBADE3-EFD4-4663-9823-B2FDA60D31A5}.Release|Any CPU.ActiveCfg = Release|Any CPU
		{DFFBADE3-EFD4-4663-9823-B2FDA60D31A5}.Release|Any CPU.Build.0 = Release|Any CPU
		{AB004792-56C6-4CC9-B5C7-5B99E67A5691}.Debug|Any CPU.ActiveCfg = Debug|Any CPU
		{AB004792-56C6-4CC9-B5C7-5B99E67A5691}.Debug|Any CPU.Build.0 = Debug|Any CPU
		{AB004792-56C6-4CC9-B5C7-5B99E67A5691}.Release|Any CPU.ActiveCfg = Release|Any CPU
		{AB004792-56C6-4CC9-B5C7-5B99E67A5691}.Release|Any CPU.Build.0 = Release|Any CPU
		{7D7750EB-A0B0-4A48-8904-5607A1CC5B10}.Debug|Any CPU.ActiveCfg = Debug|Any CPU
		{7D7750EB-A0B0-4A48-8904-5607A1CC5B10}.Debug|Any CPU.Build.0 = Debug|Any CPU
		{7D7750EB-A0B0-4A48-8904-5607A1CC5B10}.Release|Any CPU.ActiveCfg = Release|Any CPU
		{7D7750EB-A0B0-4A48-8904-5607A1CC5B10}.Release|Any CPU.Build.0 = Release|Any CPU
		{795E79FE-0F30-4263-BBB8-FF259CF2CA68}.Debug|Any CPU.ActiveCfg = Debug|Any CPU
		{795E79FE-0F30-4263-BBB8-FF259CF2CA68}.Debug|Any CPU.Build.0 = Debug|Any CPU
		{795E79FE-0F30-4263-BBB8-FF259CF2CA68}.Release|Any CPU.ActiveCfg = Release|Any CPU
		{795E79FE-0F30-4263-BBB8-FF259CF2CA68}.Release|Any CPU.Build.0 = Release|Any CPU
		{B085DFA9-8C5F-4D04-83B3-4C0249E322B3}.Debug|Any CPU.ActiveCfg = Debug|Any CPU
		{B085DFA9-8C5F-4D04-83B3-4C0249E322B3}.Debug|Any CPU.Build.0 = Debug|Any CPU
		{B085DFA9-8C5F-4D04-83B3-4C0249E322B3}.Release|Any CPU.ActiveCfg = Release|Any CPU
		{B085DFA9-8C5F-4D04-83B3-4C0249E322B3}.Release|Any CPU.Build.0 = Release|Any CPU
		{B9F52E00-9721-48C6-A975-E53CEEC08FB4}.Debug|Any CPU.ActiveCfg = Debug|Any CPU
		{B9F52E00-9721-48C6-A975-E53CEEC08FB4}.Debug|Any CPU.Build.0 = Debug|Any CPU
		{B9F52E00-9721-48C6-A975-E53CEEC08FB4}.Release|Any CPU.ActiveCfg = Release|Any CPU
		{B9F52E00-9721-48C6-A975-E53CEEC08FB4}.Release|Any CPU.Build.0 = Release|Any CPU
	EndGlobalSection
	GlobalSection(SolutionProperties) = preSolution
		HideSolutionNode = FALSE
	EndGlobalSection
	GlobalSection(ExtensibilityGlobals) = postSolution
		SolutionGuid = {6781AFDF-73BC-48CB-B616-A43603DA7457}
	EndGlobalSection
EndGlobal
