
Microsoft Visual Studio Solution File, Format Version 12.00
# Visual Studio Version 16
VisualStudioVersion = 16.0.29411.108
MinimumVisualStudioVersion = 15.0.26124.0
Project("{FAE04EC0-301F-11D3-BF4B-00C04F79EFBC}") = "WebApp", "WebApp\WebApp.csproj", "{362E68EE-653C-4B67-8324-77618E13461A}"
EndProject
Project("{FAE04EC0-301F-11D3-BF4B-00C04F79EFBC}") = "WebAPI", "WebAPI\WebAPI.csproj", "{881E83CE-B05A-4568-A438-B2AD079AC4CE}"
EndProject
Global
	GlobalSection(SolutionConfigurationPlatforms) = preSolution
		Debug|Any CPU = Debug|Any CPU
		Release|Any CPU = Release|Any CPU
	EndGlobalSection
	GlobalSection(ProjectConfigurationPlatforms) = postSolution
		{362E68EE-653C-4B67-8324-77618E13461A}.Debug|Any CPU.ActiveCfg = Debug|Any CPU
		{362E68EE-653C-4B67-8324-77618E13461A}.Debug|Any CPU.Build.0 = Debug|Any CPU
		{362E68EE-653C-4B67-8324-77618E13461A}.Release|Any CPU.ActiveCfg = Release|Any CPU
		{362E68EE-653C-4B67-8324-77618E13461A}.Release|Any CPU.Build.0 = Release|Any CPU
		{881E83CE-B05A-4568-A438-B2AD079AC4CE}.Debug|Any CPU.ActiveCfg = Debug|Any CPU
		{881E83CE-B05A-4568-A438-B2AD079AC4CE}.Debug|Any CPU.Build.0 = Debug|Any CPU
		{881E83CE-B05A-4568-A438-B2AD079AC4CE}.Release|Any CPU.ActiveCfg = Release|Any CPU
		{881E83CE-B05A-4568-A438-B2AD079AC4CE}.Release|Any CPU.Build.0 = Release|Any CPU
	EndGlobalSection
	GlobalSection(SolutionProperties) = preSolution
		HideSolutionNode = FALSE
	EndGlobalSection
	GlobalSection(ExtensibilityGlobals) = postSolution
		SolutionGuid = {6781AFDF-73BC-48CB-B616-A43603DA7457}
	EndGlobalSection
EndGlobal
